// !$*UTF8*$!
{
	archiveVersion = 1;
	classes = {
	};
	objectVersion = 50;
	objects = {

/* Begin PBXBuildFile section */
		1D199DEF26AD694F004125C3 /* NothingCodeApp.swift in Sources */ = {isa = PBXBuildFile; fileRef = 1D199DEE26AD694F004125C3 /* NothingCodeApp.swift */; };
		1D199DF126AD694F004125C3 /* ContentView.swift in Sources */ = {isa = PBXBuildFile; fileRef = 1D199DF026AD694F004125C3 /* ContentView.swift */; };
		1D199DF326AD6950004125C3 /* Assets.xcassets in Resources */ = {isa = PBXBuildFile; fileRef = 1D199DF226AD6950004125C3 /* Assets.xcassets */; };
		1D199DF626AD6950004125C3 /* Preview Assets.xcassets in Resources */ = {isa = PBXBuildFile; fileRef = 1D199DF526AD6950004125C3 /* Preview Assets.xcassets */; };
		1DAD63CB26ADB290006665AC /* MenuView.swift in Sources */ = {isa = PBXBuildFile; fileRef = 1DAD63CA26ADB290006665AC /* MenuView.swift */; };
		1DAD63CD26ADBA80006665AC /* Home.swift in Sources */ = {isa = PBXBuildFile; fileRef = 1DAD63CC26ADBA80006665AC /* Home.swift */; };
/* End PBXBuildFile section */

/* Begin PBXFileReference section */
		1D199DEB26AD694F004125C3 /* NothingCode.app */ = {isa = PBXFileReference; explicitFileType = wrapper.application; includeInIndex = 0; path = NothingCode.app; sourceTree = BUILT_PRODUCTS_DIR; };
		1D199DEE26AD694F004125C3 /* NothingCodeApp.swift */ = {isa = PBXFileReference; lastKnownFileType = sourcecode.swift; path = NothingCodeApp.swift; sourceTree = "<group>"; };
		1D199DF026AD694F004125C3 /* ContentView.swift */ = {isa = PBXFileReference; lastKnownFileType = sourcecode.swift; path = ContentView.swift; sourceTree = "<group>"; };
		1D199DF226AD6950004125C3 /* Assets.xcassets */ = {isa = PBXFileReference; lastKnownFileType = folder.assetcatalog; path = Assets.xcassets; sourceTree = "<group>"; };
		1D199DF526AD6950004125C3 /* Preview Assets.xcassets */ = {isa = PBXFileReference; lastKnownFileType = folder.assetcatalog; path = "Preview Assets.xcassets"; sourceTree = "<group>"; };
		1D199DF726AD6950004125C3 /* Info.plist */ = {isa = PBXFileReference; lastKnownFileType = text.plist.xml; path = Info.plist; sourceTree = "<group>"; };
		1DAD63CA26ADB290006665AC /* MenuView.swift */ = {isa = PBXFileReference; lastKnownFileType = sourcecode.swift; path = MenuView.swift; sourceTree = "<group>"; };
		1DAD63CC26ADBA80006665AC /* Home.swift */ = {isa = PBXFileReference; lastKnownFileType = sourcecode.swift; path = Home.swift; sourceTree = "<group>"; };
/* End PBXFileReference section */

/* Begin PBXFrameworksBuildPhase section */
		1D199DE826AD694F004125C3 /* Frameworks */ = {
			isa = PBXFrameworksBuildPhase;
			buildActionMask = 2147483647;
			files = (
			);
			runOnlyForDeploymentPostprocessing = 0;
		};
/* End PBXFrameworksBuildPhase section */

/* Begin PBXGroup section */
		1D199DE226AD694F004125C3 = {
			isa = PBXGroup;
			children = (
				1D199DED26AD694F004125C3 /* NothingCode */,
				1D199DEC26AD694F004125C3 /* Products */,
			);
			sourceTree = "<group>";
		};
		1D199DEC26AD694F004125C3 /* Products */ = {
			isa = PBXGroup;
			children = (
				1D199DEB26AD694F004125C3 /* NothingCode.app */,
			);
			name = Products;
			sourceTree = "<group>";
		};
		1D199DED26AD694F004125C3 /* NothingCode */ = {
			isa = PBXGroup;
			children = (
				1D199DEE26AD694F004125C3 /* NothingCodeApp.swift */,
				1D199DF026AD694F004125C3 /* ContentView.swift */,
				1DAD63CA26ADB290006665AC /* MenuView.swift */,
				1DAD63CC26ADBA80006665AC /* Home.swift */,
				1D199DF226AD6950004125C3 /* Assets.xcassets */,
				1D199DF726AD6950004125C3 /* Info.plist */,
				1D199DF426AD6950004125C3 /* Preview Content */,
			);
			path = NothingCode;
			sourceTree = "<group>";
		};
		1D199DF426AD6950004125C3 /* Preview Content */ = {
			isa = PBXGroup;
			children = (
				1D199DF526AD6950004125C3 /* Preview Assets.xcassets */,
			);
			path = "Preview Content";
			sourceTree = "<group>";
		};
/* End PBXGroup section */

/* Begin PBXNativeTarget section */
		1D199DEA26AD694F004125C3 /* NothingCode */ = {
			isa = PBXNativeTarget;
			buildConfigurationList = 1D199DFA26AD6950004125C3 /* Build configuration list for PBXNativeTarget "NothingCode" */;
			buildPhases = (
				1D199DE726AD694F004125C3 /* Sources */,
				1D199DE826AD694F004125C3 /* Frameworks */,
				1D199DE926AD694F004125C3 /* Resources */,
			);
			buildRules = (
			);
			dependencies = (
			);
			name = NothingCode;
			productName = NothingCode;
			productReference = 1D199DEB26AD694F004125C3 /* NothingCode.app */;
			productType = "com.apple.product-type.application";
		};
/* End PBXNativeTarget section */

/* Begin PBXProject section */
		1D199DE326AD694F004125C3 /* Project object */ = {
			isa = PBXProject;
			attributes = {
				LastSwiftUpdateCheck = 1250;
				LastUpgradeCheck = 1250;
				TargetAttributes = {
					1D199DEA26AD694F004125C3 = {
						CreatedOnToolsVersion = 12.5.1;
					};
				};
			};
			buildConfigurationList = 1D199DE626AD694F004125C3 /* Build configuration list for PBXProject "NothingCode" */;
			compatibilityVersion = "Xcode 9.3";
			developmentRegion = en;
			hasScannedForEncodings = 0;
			knownRegions = (
				en,
				Base,
			);
			mainGroup = 1D199DE226AD694F004125C3;
			productRefGroup = 1D199DEC26AD694F004125C3 /* Products */;
			projectDirPath = "";
			projectRoot = "";
			targets = (
				1D199DEA26AD694F004125C3 /* NothingCode */,
			);
		};
/* End PBXProject section */

/* Begin PBXResourcesBuildPhase section */
		1D199DE926AD694F004125C3 /* Resources */ = {
			isa = PBXResourcesBuildPhase;
			buildActionMask = 2147483647;
			files = (
				1D199DF626AD6950004125C3 /* Preview Assets.xcassets in Resources */,
				1D199DF326AD6950004125C3 /* Assets.xcassets in Resources */,
			);
			runOnlyForDeploymentPostprocessing = 0;
		};
/* End PBXResourcesBuildPhase section */

/* Begin PBXSourcesBuildPhase section */
		1D199DE726AD694F004125C3 /* Sources */ = {
			isa = PBXSourcesBuildPhase;
			buildActionMask = 2147483647;
			files = (
				1D199DF126AD694F004125C3 /* ContentView.swift in Sources */,
				1DAD63CB26ADB290006665AC /* MenuView.swift in Sources */,
				1DAD63CD26ADBA80006665AC /* Home.swift in Sources */,
				1D199DEF26AD694F004125C3 /* NothingCodeApp.swift in Sources */,
			);
			runOnlyForDeploymentPostprocessing = 0;
		};
/* End PBXSourcesBuildPhase section */

/* Begin XCBuildConfiguration section */
		1D199DF826AD6950004125C3 /* Debug */ = {
			isa = XCBuildConfiguration;
			buildSettings = {
				ALWAYS_SEARCH_USER_PATHS = NO;
				CLANG_ANALYZER_NONNULL = YES;
				CLANG_ANALYZER_NUMBER_OBJECT_CONVERSION = YES_AGGRESSIVE;
				CLANG_CXX_LANGUAGE_STANDARD = "gnu++14";
				CLANG_CXX_LIBRARY = "libc++";
				CLANG_ENABLE_MODULES = YES;
				CLANG_ENABLE_OBJC_ARC = YES;
				CLANG_ENABLE_OBJC_WEAK = YES;
				CLANG_WARN_BLOCK_CAPTURE_AUTORELEASING = YES;
				CLANG_WARN_BOOL_CONVERSION = YES;
				CLANG_WARN_COMMA = YES;
				CLANG_WARN_CONSTANT_CONVERSION = YES;
				CLANG_WARN_DEPRECATED_OBJC_IMPLEMENTATIONS = YES;
				CLANG_WARN_DIRECT_OBJC_ISA_USAGE = YES_ERROR;
				CLANG_WARN_DOCUMENTATION_COMMENTS = YES;
				CLANG_WARN_EMPTY_BODY = YES;
				CLANG_WARN_ENUM_CONVERSION = YES;
				CLANG_WARN_INFINITE_RECURSION = YES;
				CLANG_WARN_INT_CONVERSION = YES;
				CLANG_WARN_NON_LITERAL_NULL_CONVERSION = YES;
				CLANG_WARN_OBJC_IMPLICIT_RETAIN_SELF = YES;
				CLANG_WARN_OBJC_LITERAL_CONVERSION = YES;
				CLANG_WARN_OBJC_ROOT_CLASS = YES_ERROR;
				CLANG_WARN_QUOTED_INCLUDE_IN_FRAMEWORK_HEADER = YES;
				CLANG_WARN_RANGE_LOOP_ANALYSIS = YES;
				CLANG_WARN_STRICT_PROTOTYPES = YES;
				CLANG_WARN_SUSPICIOUS_MOVE = YES;
				CLANG_WARN_UNGUARDED_AVAILABILITY = YES_AGGRESSIVE;
				CLANG_WARN_UNREACHABLE_CODE = YES;
				CLANG_WARN__DUPLICATE_METHOD_MATCH = YES;
				COPY_PHASE_STRIP = NO;
				DEBUG_INFORMATION_FORMAT = dwarf;
				ENABLE_STRICT_OBJC_MSGSEND = YES;
				ENABLE_TESTABILITY = YES;
				GCC_C_LANGUAGE_STANDARD = gnu11;
				GCC_DYNAMIC_NO_PIC = NO;
				GCC_NO_COMMON_BLOCKS = YES;
				GCC_OPTIMIZATION_LEVEL = 0;
				GCC_PREPROCESSOR_DEFINITIONS = (
					"DEBUG=1",
					"$(inherited)",
				);
				GCC_WARN_64_TO_32_BIT_CONVERSION = YES;
				GCC_WARN_ABOUT_RETURN_TYPE = YES_ERROR;
				GCC_WARN_UNDECLARED_SELECTOR = YES;
				GCC_WARN_UNINITIALIZED_AUTOS = YES_AGGRESSIVE;
				GCC_WARN_UNUSED_FUNCTION = YES;
				GCC_WARN_UNUSED_VARIABLE = YES;
				IPHONEOS_DEPLOYMENT_TARGET = 14.5;
				MTL_ENABLE_DEBUG_INFO = INCLUDE_SOURCE;
				MTL_FAST_MATH = YES;
				ONLY_ACTIVE_ARCH = YES;
				SDKROOT = iphoneos;
				SWIFT_ACTIVE_COMPILATION_CONDITIONS = DEBUG;
				SWIFT_OPTIMIZATION_LEVEL = "-Onone";
			};
			name = Debug;
		};
		1D199DF926AD6950004125C3 /* Release */ = {
			isa = XCBuildConfiguration;
			buildSettings = {
				ALWAYS_SEARCH_USER_PATHS = NO;
				CLANG_ANALYZER_NONNULL = YES;
				CLANG_ANALYZER_NUMBER_OBJECT_CONVERSION = YES_AGGRESSIVE;
				CLANG_CXX_LANGUAGE_STANDARD = "gnu++14";
				CLANG_CXX_LIBRARY = "libc++";
				CLANG_ENABLE_MODULES = YES;
				CLANG_ENABLE_OBJC_ARC = YES;
				CLANG_ENABLE_OBJC_WEAK = YES;
				CLANG_WARN_BLOCK_CAPTURE_AUTORELEASING = YES;
				CLANG_WARN_BOOL_CONVERSION = YES;
				CLANG_WARN_COMMA = YES;
				CLANG_WARN_CONSTANT_CONVERSION = YES;
				CLANG_WARN_DEPRECATED_OBJC_IMPLEMENTATIONS = YES;
				CLANG_WARN_DIRECT_OBJC_ISA_USAGE = YES_ERROR;
				CLANG_WARN_DOCUMENTATION_COMMENTS = YES;
				CLANG_WARN_EMPTY_BODY = YES;
				CLANG_WARN_ENUM_CONVERSION = YES;
				CLANG_WARN_INFINITE_RECURSION = YES;
				CLANG_WARN_INT_CONVERSION = YES;
				CLANG_WARN_NON_LITERAL_NULL_CONVERSION = YES;
				CLANG_WARN_OBJC_IMPLICIT_RETAIN_SELF = YES;
				CLANG_WARN_OBJC_LITERAL_CONVERSION = YES;
				CLANG_WARN_OBJC_ROOT_CLASS = YES_ERROR;
				CLANG_WARN_QUOTED_INCLUDE_IN_FRAMEWORK_HEADER = YES;
				CLANG_WARN_RANGE_LOOP_ANALYSIS = YES;
				CLANG_WARN_STRICT_PROTOTYPES = YES;
				CLANG_WARN_SUSPICIOUS_MOVE = YES;
				CLANG_WARN_UNGUARDED_AVAILABILITY = YES_AGGRESSIVE;
				CLANG_WARN_UNREACHABLE_CODE = YES;
				CLANG_WARN__DUPLICATE_METHOD_MATCH = YES;
				COPY_PHASE_STRIP = NO;
				DEBUG_INFORMATION_FORMAT = "dwarf-with-dsym";
				ENABLE_NS_ASSERTIONS = NO;
				ENABLE_STRICT_OBJC_MSGSEND = YES;
				GCC_C_LANGUAGE_STANDARD = gnu11;
				GCC_NO_COMMON_BLOCKS = YES;
				GCC_WARN_64_TO_32_BIT_CONVERSION = YES;
				GCC_WARN_ABOUT_RETURN_TYPE = YES_ERROR;
				GCC_WARN_UNDECLARED_SELECTOR = YES;
				GCC_WARN_UNINITIALIZED_AUTOS = YES_AGGRESSIVE;
				GCC_WARN_UNUSED_FUNCTION = YES;
				GCC_WARN_UNUSED_VARIABLE = YES;
				IPHONEOS_DEPLOYMENT_TARGET = 14.5;
				MTL_ENABLE_DEBUG_INFO = NO;
				MTL_FAST_MATH = YES;
				SDKROOT = iphoneos;
				SWIFT_COMPILATION_MODE = wholemodule;
				SWIFT_OPTIMIZATION_LEVEL = "-O";
				VALIDATE_PRODUCT = YES;
			};
			name = Release;
		};
		1D199DFB26AD6950004125C3 /* Debug */ = {
			isa = XCBuildConfiguration;
			buildSettings = {
				ASSETCATALOG_COMPILER_APPICON_NAME = AppIcon;
				ASSETCATALOG_COMPILER_GLOBAL_ACCENT_COLOR_NAME = AccentColor;
				CODE_SIGN_STYLE = Automatic;
				DEVELOPMENT_ASSET_PATHS = "\"NothingCode/Preview Content\"";
				DEVELOPMENT_TEAM = KM765898A5;
				ENABLE_PREVIEWS = YES;
				INFOPLIST_FILE = NothingCode/Info.plist;
				IPHONEOS_DEPLOYMENT_TARGET = 14.0;
				LD_RUNPATH_SEARCH_PATHS = (
					"$(inherited)",
					"@executable_path/Frameworks",
				);
				PRODUCT_BUNDLE_IDENTIFIER = io.nothingcode.NothingCode;
				PRODUCT_NAME = "$(TARGET_NAME)";
				SWIFT_VERSION = 5.0;
				TARGETED_DEVICE_FAMILY = "1,2";
			};
			name = Debug;
		};
		1D199DFC26AD6950004125C3 /* Release */ = {
			isa = XCBuildConfiguration;
			buildSettings = {
				ASSETCATALOG_COMPILER_APPICON_NAME = AppIcon;
				ASSETCATALOG_COMPILER_GLOBAL_ACCENT_COLOR_NAME = AccentColor;
				CODE_SIGN_STYLE = Automatic;
				DEVELOPMENT_ASSET_PATHS = "\"NothingCode/Preview Content\"";
				DEVELOPMENT_TEAM = KM765898A5;
				ENABLE_PREVIEWS = YES;
				INFOPLIST_FILE = NothingCode/Info.plist;
				IPHONEOS_DEPLOYMENT_TARGET = 14.0;
				LD_RUNPATH_SEARCH_PATHS = (
					"$(inherited)",
					"@executable_path/Frameworks",
				);
				PRODUCT_BUNDLE_IDENTIFIER = io.nothingcode.NothingCode;
				PRODUCT_NAME = "$(TARGET_NAME)";
				SWIFT_VERSION = 5.0;
				TARGETED_DEVICE_FAMILY = "1,2";
			};
			name = Release;
		};
/* End XCBuildConfiguration section */

/* Begin XCConfigurationList section */
		1D199DE626AD694F004125C3 /* Build configuration list for PBXProject "NothingCode" */ = {
			isa = XCConfigurationList;
			buildConfigurations = (
				1D199DF826AD6950004125C3 /* Debug */,
				1D199DF926AD6950004125C3 /* Release */,
			);
			defaultConfigurationIsVisible = 0;
			defaultConfigurationName = Release;
		};
		1D199DFA26AD6950004125C3 /* Build configuration list for PBXNativeTarget "NothingCode" */ = {
			isa = XCConfigurationList;
			buildConfigurations = (
				1D199DFB26AD6950004125C3 /* Debug */,
				1D199DFC26AD6950004125C3 /* Release */,
			);
			defaultConfigurationIsVisible = 0;
			defaultConfigurationName = Release;
		};
/* End XCConfigurationList section */
	};
	rootObject = 1D199DE326AD694F004125C3 /* Project object */;
}
