// !$*UTF8*$!
{
	archiveVersion = 1;
	classes = {
	};
	objectVersion = 50;
	objects = {

/* Begin PBXBuildFile section */
		1D199DEF26AD694F004125C3 /* NothingCodeApp.swift in Sources */ = {isa = PBXBuildFile; fileRef = 1D199DEE26AD694F004125C3 /* NothingCodeApp.swift */; };
		1D199DF126AD694F004125C3 /* ContentView.swift in Sources */ = {isa = PBXBuildFile; fileRef = 1D199DF026AD694F004125C3 /* ContentView.swift */; };
		1D199DF326AD6950004125C3 /* Assets.xcassets in Resources */ = {isa = PBXBuildFile; fileRef = 1D199DF226AD6950004125C3 /* Assets.xcassets */; };
		1D199DF626AD6950004125C3 /* Preview Assets.xcassets in Resources */ = {isa = PBXBuildFile; fileRef = 1D199DF526AD6950004125C3 /* Preview Assets.xcassets */; };
		1D24BD3C26B591C40012E917 /* LoginView.swift in Sources */ = {isa = PBXBuildFile; fileRef = 1D24BD3B26B591C40012E917 /* LoginView.swift */; };
		1D4E471226B1ADDC00E305C2 /* WorkSans-VariableFont_wght.ttf in Resources */ = {isa = PBXBuildFile; fileRef = 1D4E46FB26B1ADDC00E305C2 /* WorkSans-VariableFont_wght.ttf */; };
		1D4E471326B1ADDC00E305C2 /* WorkSans-Regular.ttf in Resources */ = {isa = PBXBuildFile; fileRef = 1D4E46FD26B1ADDC00E305C2 /* WorkSans-Regular.ttf */; };
		1D4E471426B1ADDC00E305C2 /* WorkSans-Light.ttf in Resources */ = {isa = PBXBuildFile; fileRef = 1D4E46FE26B1ADDC00E305C2 /* WorkSans-Light.ttf */; };
		1D4E471526B1ADDC00E305C2 /* WorkSans-ExtraBold.ttf in Resources */ = {isa = PBXBuildFile; fileRef = 1D4E46FF26B1ADDC00E305C2 /* WorkSans-ExtraBold.ttf */; };
		1D4E471626B1ADDC00E305C2 /* WorkSans-SemiBoldItalic.ttf in Resources */ = {isa = PBXBuildFile; fileRef = 1D4E470026B1ADDC00E305C2 /* WorkSans-SemiBoldItalic.ttf */; };
		1D4E471726B1ADDC00E305C2 /* WorkSans-MediumItalic.ttf in Resources */ = {isa = PBXBuildFile; fileRef = 1D4E470126B1ADDC00E305C2 /* WorkSans-MediumItalic.ttf */; };
		1D4E471826B1ADDC00E305C2 /* WorkSans-BoldItalic.ttf in Resources */ = {isa = PBXBuildFile; fileRef = 1D4E470226B1ADDC00E305C2 /* WorkSans-BoldItalic.ttf */; };
		1D4E471926B1ADDC00E305C2 /* WorkSans-ExtraLight.ttf in Resources */ = {isa = PBXBuildFile; fileRef = 1D4E470326B1ADDC00E305C2 /* WorkSans-ExtraLight.ttf */; };
		1D4E471A26B1ADDC00E305C2 /* WorkSans-ThinItalic.ttf in Resources */ = {isa = PBXBuildFile; fileRef = 1D4E470426B1ADDC00E305C2 /* WorkSans-ThinItalic.ttf */; };
		1D4E471B26B1ADDC00E305C2 /* WorkSans-ExtraLightItalic.ttf in Resources */ = {isa = PBXBuildFile; fileRef = 1D4E470526B1ADDC00E305C2 /* WorkSans-ExtraLightItalic.ttf */; };
		1D4E471C26B1ADDC00E305C2 /* WorkSans-Medium.ttf in Resources */ = {isa = PBXBuildFile; fileRef = 1D4E470626B1ADDC00E305C2 /* WorkSans-Medium.ttf */; };
		1D4E471D26B1ADDC00E305C2 /* WorkSans-SemiBold.ttf in Resources */ = {isa = PBXBuildFile; fileRef = 1D4E470726B1ADDC00E305C2 /* WorkSans-SemiBold.ttf */; };
		1D4E471E26B1ADDC00E305C2 /* WorkSans-Italic.ttf in Resources */ = {isa = PBXBuildFile; fileRef = 1D4E470826B1ADDC00E305C2 /* WorkSans-Italic.ttf */; };
		1D4E471F26B1ADDC00E305C2 /* WorkSans-BlackItalic.ttf in Resources */ = {isa = PBXBuildFile; fileRef = 1D4E470926B1ADDC00E305C2 /* WorkSans-BlackItalic.ttf */; };
		1D4E472026B1ADDC00E305C2 /* WorkSans-Thin.ttf in Resources */ = {isa = PBXBuildFile; fileRef = 1D4E470A26B1ADDC00E305C2 /* WorkSans-Thin.ttf */; };
		1D4E472126B1ADDC00E305C2 /* WorkSans-Black.ttf in Resources */ = {isa = PBXBuildFile; fileRef = 1D4E470B26B1ADDC00E305C2 /* WorkSans-Black.ttf */; };
		1D4E472226B1ADDC00E305C2 /* WorkSans-LightItalic.ttf in Resources */ = {isa = PBXBuildFile; fileRef = 1D4E470C26B1ADDC00E305C2 /* WorkSans-LightItalic.ttf */; };
		1D4E472326B1ADDC00E305C2 /* WorkSans-ExtraBoldItalic.ttf in Resources */ = {isa = PBXBuildFile; fileRef = 1D4E470D26B1ADDC00E305C2 /* WorkSans-ExtraBoldItalic.ttf */; };
		1D4E472426B1ADDC00E305C2 /* WorkSans-Bold.ttf in Resources */ = {isa = PBXBuildFile; fileRef = 1D4E470E26B1ADDC00E305C2 /* WorkSans-Bold.ttf */; };
		1D4E472526B1ADDC00E305C2 /* WorkSans-Italic-VariableFont_wght.ttf in Resources */ = {isa = PBXBuildFile; fileRef = 1D4E470F26B1ADDC00E305C2 /* WorkSans-Italic-VariableFont_wght.ttf */; };
		1D4E472626B1ADDC00E305C2 /* OFL.txt in Resources */ = {isa = PBXBuildFile; fileRef = 1D4E471026B1ADDC00E305C2 /* OFL.txt */; };
		1D4E472726B1ADDC00E305C2 /* README.txt in Resources */ = {isa = PBXBuildFile; fileRef = 1D4E471126B1ADDC00E305C2 /* README.txt */; };
		1D5ABF2026B3059600836FB5 /* CourseDetail.swift in Sources */ = {isa = PBXBuildFile; fileRef = 1D5ABF1F26B3059600836FB5 /* CourseDetail.swift */; };
		1D5ABF2226B309F100836FB5 /* Data.swift in Sources */ = {isa = PBXBuildFile; fileRef = 1D5ABF2126B309F100836FB5 /* Data.swift */; };
		1D5ABF2426B30A2600836FB5 /* PostList.swift in Sources */ = {isa = PBXBuildFile; fileRef = 1D5ABF2326B30A2600836FB5 /* PostList.swift */; };
		1D5ABF2626B30A8600836FB5 /* DataStore.swift in Sources */ = {isa = PBXBuildFile; fileRef = 1D5ABF2526B30A8600836FB5 /* DataStore.swift */; };
		1D5ABF2826B30D9A00836FB5 /* BlurView.swift in Sources */ = {isa = PBXBuildFile; fileRef = 1D5ABF2726B30D9A00836FB5 /* BlurView.swift */; };
		1D5D4D8926B1B89C008321AB /* CourseList.swift in Sources */ = {isa = PBXBuildFile; fileRef = 1D5D4D8826B1B89C008321AB /* CourseList.swift */; };
		1D65F3CF26AF148A00B97CBB /* UpdateDetail.swift in Sources */ = {isa = PBXBuildFile; fileRef = 1D65F3CE26AF148A00B97CBB /* UpdateDetail.swift */; };
		1D65F3D126AF169A00B97CBB /* UpdateStore.swift in Sources */ = {isa = PBXBuildFile; fileRef = 1D65F3D026AF169A00B97CBB /* UpdateStore.swift */; };
		1D65F3D326AF1A3A00B97CBB /* TabBar.swift in Sources */ = {isa = PBXBuildFile; fileRef = 1D65F3D226AF1A3A00B97CBB /* TabBar.swift */; };
		1DA8196426B1A99400F9519E /* Modifiers.swift in Sources */ = {isa = PBXBuildFile; fileRef = 1DA8196326B1A99400F9519E /* Modifiers.swift */; };
		1DAD63CB26ADB290006665AC /* MenuView.swift in Sources */ = {isa = PBXBuildFile; fileRef = 1DAD63CA26ADB290006665AC /* MenuView.swift */; };
		1DAD63CD26ADBA80006665AC /* Home.swift in Sources */ = {isa = PBXBuildFile; fileRef = 1DAD63CC26ADBA80006665AC /* Home.swift */; };
		1DAD63CF26ADC4AC006665AC /* HomeView.swift in Sources */ = {isa = PBXBuildFile; fileRef = 1DAD63CE26ADC4AC006665AC /* HomeView.swift */; };
		1DAE1A0226AF0B6C00E358E0 /* UpdateList.swift in Sources */ = {isa = PBXBuildFile; fileRef = 1DAE1A0126AF0B6C00E358E0 /* UpdateList.swift */; };
		1DC02B4126B441E80032F4A0 /* Buttons.swift in Sources */ = {isa = PBXBuildFile; fileRef = 1DC02B4026B441E80032F4A0 /* Buttons.swift */; };
		1DC7054826B05DAD005F4AFF /* RingView.swift in Sources */ = {isa = PBXBuildFile; fileRef = 1DC7054726B05DAD005F4AFF /* RingView.swift */; };
/* End PBXBuildFile section */

/* Begin PBXFileReference section */
		1D199DEB26AD694F004125C3 /* NothingCode.app */ = {isa = PBXFileReference; explicitFileType = wrapper.application; includeInIndex = 0; path = NothingCode.app; sourceTree = BUILT_PRODUCTS_DIR; };
		1D199DEE26AD694F004125C3 /* NothingCodeApp.swift */ = {isa = PBXFileReference; lastKnownFileType = sourcecode.swift; path = NothingCodeApp.swift; sourceTree = "<group>"; };
		1D199DF026AD694F004125C3 /* ContentView.swift */ = {isa = PBXFileReference; lastKnownFileType = sourcecode.swift; path = ContentView.swift; sourceTree = "<group>"; };
		1D199DF226AD6950004125C3 /* Assets.xcassets */ = {isa = PBXFileReference; lastKnownFileType = folder.assetcatalog; path = Assets.xcassets; sourceTree = "<group>"; };
		1D199DF526AD6950004125C3 /* Preview Assets.xcassets */ = {isa = PBXFileReference; lastKnownFileType = folder.assetcatalog; path = "Preview Assets.xcassets"; sourceTree = "<group>"; };
		1D199DF726AD6950004125C3 /* Info.plist */ = {isa = PBXFileReference; lastKnownFileType = text.plist.xml; path = Info.plist; sourceTree = "<group>"; };
		1D24BD3B26B591C40012E917 /* LoginView.swift */ = {isa = PBXFileReference; lastKnownFileType = sourcecode.swift; path = LoginView.swift; sourceTree = "<group>"; };
		1D4E46FB26B1ADDC00E305C2 /* WorkSans-VariableFont_wght.ttf */ = {isa = PBXFileReference; lastKnownFileType = file; path = "WorkSans-VariableFont_wght.ttf"; sourceTree = "<group>"; };
		1D4E46FD26B1ADDC00E305C2 /* WorkSans-Regular.ttf */ = {isa = PBXFileReference; lastKnownFileType = file; path = "WorkSans-Regular.ttf"; sourceTree = "<group>"; };
		1D4E46FE26B1ADDC00E305C2 /* WorkSans-Light.ttf */ = {isa = PBXFileReference; lastKnownFileType = file; path = "WorkSans-Light.ttf"; sourceTree = "<group>"; };
		1D4E46FF26B1ADDC00E305C2 /* WorkSans-ExtraBold.ttf */ = {isa = PBXFileReference; lastKnownFileType = file; path = "WorkSans-ExtraBold.ttf"; sourceTree = "<group>"; };
		1D4E470026B1ADDC00E305C2 /* WorkSans-SemiBoldItalic.ttf */ = {isa = PBXFileReference; lastKnownFileType = file; path = "WorkSans-SemiBoldItalic.ttf"; sourceTree = "<group>"; };
		1D4E470126B1ADDC00E305C2 /* WorkSans-MediumItalic.ttf */ = {isa = PBXFileReference; lastKnownFileType = file; path = "WorkSans-MediumItalic.ttf"; sourceTree = "<group>"; };
		1D4E470226B1ADDC00E305C2 /* WorkSans-BoldItalic.ttf */ = {isa = PBXFileReference; lastKnownFileType = file; path = "WorkSans-BoldItalic.ttf"; sourceTree = "<group>"; };
		1D4E470326B1ADDC00E305C2 /* WorkSans-ExtraLight.ttf */ = {isa = PBXFileReference; lastKnownFileType = file; path = "WorkSans-ExtraLight.ttf"; sourceTree = "<group>"; };
		1D4E470426B1ADDC00E305C2 /* WorkSans-ThinItalic.ttf */ = {isa = PBXFileReference; lastKnownFileType = file; path = "WorkSans-ThinItalic.ttf"; sourceTree = "<group>"; };
		1D4E470526B1ADDC00E305C2 /* WorkSans-ExtraLightItalic.ttf */ = {isa = PBXFileReference; lastKnownFileType = file; path = "WorkSans-ExtraLightItalic.ttf"; sourceTree = "<group>"; };
		1D4E470626B1ADDC00E305C2 /* WorkSans-Medium.ttf */ = {isa = PBXFileReference; lastKnownFileType = file; path = "WorkSans-Medium.ttf"; sourceTree = "<group>"; };
		1D4E470726B1ADDC00E305C2 /* WorkSans-SemiBold.ttf */ = {isa = PBXFileReference; lastKnownFileType = file; path = "WorkSans-SemiBold.ttf"; sourceTree = "<group>"; };
		1D4E470826B1ADDC00E305C2 /* WorkSans-Italic.ttf */ = {isa = PBXFileReference; lastKnownFileType = file; path = "WorkSans-Italic.ttf"; sourceTree = "<group>"; };
		1D4E470926B1ADDC00E305C2 /* WorkSans-BlackItalic.ttf */ = {isa = PBXFileReference; lastKnownFileType = file; path = "WorkSans-BlackItalic.ttf"; sourceTree = "<group>"; };
		1D4E470A26B1ADDC00E305C2 /* WorkSans-Thin.ttf */ = {isa = PBXFileReference; lastKnownFileType = file; path = "WorkSans-Thin.ttf"; sourceTree = "<group>"; };
		1D4E470B26B1ADDC00E305C2 /* WorkSans-Black.ttf */ = {isa = PBXFileReference; lastKnownFileType = file; path = "WorkSans-Black.ttf"; sourceTree = "<group>"; };
		1D4E470C26B1ADDC00E305C2 /* WorkSans-LightItalic.ttf */ = {isa = PBXFileReference; lastKnownFileType = file; path = "WorkSans-LightItalic.ttf"; sourceTree = "<group>"; };
		1D4E470D26B1ADDC00E305C2 /* WorkSans-ExtraBoldItalic.ttf */ = {isa = PBXFileReference; lastKnownFileType = file; path = "WorkSans-ExtraBoldItalic.ttf"; sourceTree = "<group>"; };
		1D4E470E26B1ADDC00E305C2 /* WorkSans-Bold.ttf */ = {isa = PBXFileReference; lastKnownFileType = file; path = "WorkSans-Bold.ttf"; sourceTree = "<group>"; };
		1D4E470F26B1ADDC00E305C2 /* WorkSans-Italic-VariableFont_wght.ttf */ = {isa = PBXFileReference; lastKnownFileType = file; path = "WorkSans-Italic-VariableFont_wght.ttf"; sourceTree = "<group>"; };
		1D4E471026B1ADDC00E305C2 /* OFL.txt */ = {isa = PBXFileReference; fileEncoding = 4; lastKnownFileType = text; path = OFL.txt; sourceTree = "<group>"; };
		1D4E471126B1ADDC00E305C2 /* README.txt */ = {isa = PBXFileReference; fileEncoding = 4; lastKnownFileType = text; path = README.txt; sourceTree = "<group>"; };
		1D5ABF1F26B3059600836FB5 /* CourseDetail.swift */ = {isa = PBXFileReference; lastKnownFileType = sourcecode.swift; path = CourseDetail.swift; sourceTree = "<group>"; };
		1D5ABF2126B309F100836FB5 /* Data.swift */ = {isa = PBXFileReference; lastKnownFileType = sourcecode.swift; path = Data.swift; sourceTree = "<group>"; };
		1D5ABF2326B30A2600836FB5 /* PostList.swift */ = {isa = PBXFileReference; lastKnownFileType = sourcecode.swift; path = PostList.swift; sourceTree = "<group>"; };
		1D5ABF2526B30A8600836FB5 /* DataStore.swift */ = {isa = PBXFileReference; lastKnownFileType = sourcecode.swift; path = DataStore.swift; sourceTree = "<group>"; };
		1D5ABF2726B30D9A00836FB5 /* BlurView.swift */ = {isa = PBXFileReference; lastKnownFileType = sourcecode.swift; path = BlurView.swift; sourceTree = "<group>"; };
		1D5D4D8826B1B89C008321AB /* CourseList.swift */ = {isa = PBXFileReference; lastKnownFileType = sourcecode.swift; path = CourseList.swift; sourceTree = "<group>"; };
		1D65F3CE26AF148A00B97CBB /* UpdateDetail.swift */ = {isa = PBXFileReference; lastKnownFileType = sourcecode.swift; path = UpdateDetail.swift; sourceTree = "<group>"; };
		1D65F3D026AF169A00B97CBB /* UpdateStore.swift */ = {isa = PBXFileReference; lastKnownFileType = sourcecode.swift; path = UpdateStore.swift; sourceTree = "<group>"; };
		1D65F3D226AF1A3A00B97CBB /* TabBar.swift */ = {isa = PBXFileReference; lastKnownFileType = sourcecode.swift; path = TabBar.swift; sourceTree = "<group>"; };
		1DA8196326B1A99400F9519E /* Modifiers.swift */ = {isa = PBXFileReference; lastKnownFileType = sourcecode.swift; path = Modifiers.swift; sourceTree = "<group>"; };
		1DAD63CA26ADB290006665AC /* MenuView.swift */ = {isa = PBXFileReference; lastKnownFileType = sourcecode.swift; path = MenuView.swift; sourceTree = "<group>"; };
		1DAD63CC26ADBA80006665AC /* Home.swift */ = {isa = PBXFileReference; lastKnownFileType = sourcecode.swift; path = Home.swift; sourceTree = "<group>"; };
		1DAD63CE26ADC4AC006665AC /* HomeView.swift */ = {isa = PBXFileReference; lastKnownFileType = sourcecode.swift; path = HomeView.swift; sourceTree = "<group>"; };
		1DAE1A0126AF0B6C00E358E0 /* UpdateList.swift */ = {isa = PBXFileReference; lastKnownFileType = sourcecode.swift; path = UpdateList.swift; sourceTree = "<group>"; };
		1DC02B4026B441E80032F4A0 /* Buttons.swift */ = {isa = PBXFileReference; lastKnownFileType = sourcecode.swift; path = Buttons.swift; sourceTree = "<group>"; };
		1DC7054726B05DAD005F4AFF /* RingView.swift */ = {isa = PBXFileReference; lastKnownFileType = sourcecode.swift; path = RingView.swift; sourceTree = "<group>"; };
/* End PBXFileReference section */

/* Begin PBXFrameworksBuildPhase section */
		1D199DE826AD694F004125C3 /* Frameworks */ = {
			isa = PBXFrameworksBuildPhase;
			buildActionMask = 2147483647;
			files = (
			);
			runOnlyForDeploymentPostprocessing = 0;
		};
/* End PBXFrameworksBuildPhase section */

/* Begin PBXGroup section */
		1D199DE226AD694F004125C3 = {
			isa = PBXGroup;
			children = (
				1D199DED26AD694F004125C3 /* NothingCode */,
				1D199DEC26AD694F004125C3 /* Products */,
			);
			sourceTree = "<group>";
		};
		1D199DEC26AD694F004125C3 /* Products */ = {
			isa = PBXGroup;
			children = (
				1D199DEB26AD694F004125C3 /* NothingCode.app */,
			);
			name = Products;
			sourceTree = "<group>";
		};
		1D199DED26AD694F004125C3 /* NothingCode */ = {
			isa = PBXGroup;
			children = (
				1D199DEE26AD694F004125C3 /* NothingCodeApp.swift */,
				1D199DF026AD694F004125C3 /* ContentView.swift */,
				1DAD63CA26ADB290006665AC /* MenuView.swift */,
				1DAD63CC26ADBA80006665AC /* Home.swift */,
				1D5D4D8826B1B89C008321AB /* CourseList.swift */,
				1D5ABF2126B309F100836FB5 /* Data.swift */,
				1D5ABF2326B30A2600836FB5 /* PostList.swift */,
				1D5ABF2526B30A8600836FB5 /* DataStore.swift */,
				1D5ABF1F26B3059600836FB5 /* CourseDetail.swift */,
				1DAD63CE26ADC4AC006665AC /* HomeView.swift */,
				1DA8196326B1A99400F9519E /* Modifiers.swift */,
				1DC7054726B05DAD005F4AFF /* RingView.swift */,
				1D65F3D226AF1A3A00B97CBB /* TabBar.swift */,
				1D5ABF2726B30D9A00836FB5 /* BlurView.swift */,
				1D65F3CE26AF148A00B97CBB /* UpdateDetail.swift */,
				1DAE1A0126AF0B6C00E358E0 /* UpdateList.swift */,
				1D65F3D026AF169A00B97CBB /* UpdateStore.swift */,
				1DC02B4026B441E80032F4A0 /* Buttons.swift */,
				1D24BD3B26B591C40012E917 /* LoginView.swift */,
				1D199DF226AD6950004125C3 /* Assets.xcassets */,
				1D4E46FA26B1ADDC00E305C2 /* Work_Sans */,
				1D199DF726AD6950004125C3 /* Info.plist */,
				1D199DF426AD6950004125C3 /* Preview Content */,
			);
			path = NothingCode;
			sourceTree = "<group>";
		};
		1D199DF426AD6950004125C3 /* Preview Content */ = {
			isa = PBXGroup;
			children = (
				1D199DF526AD6950004125C3 /* Preview Assets.xcassets */,
			);
			path = "Preview Content";
			sourceTree = "<group>";
		};
		1D4E46FA26B1ADDC00E305C2 /* Work_Sans */ = {
			isa = PBXGroup;
			children = (
				1D4E46FB26B1ADDC00E305C2 /* WorkSans-VariableFont_wght.ttf */,
				1D4E46FC26B1ADDC00E305C2 /* static */,
				1D4E470F26B1ADDC00E305C2 /* WorkSans-Italic-VariableFont_wght.ttf */,
				1D4E471026B1ADDC00E305C2 /* OFL.txt */,
				1D4E471126B1ADDC00E305C2 /* README.txt */,
			);
			path = Work_Sans;
			sourceTree = "<group>";
		};
		1D4E46FC26B1ADDC00E305C2 /* static */ = {
			isa = PBXGroup;
			children = (
				1D4E46FD26B1ADDC00E305C2 /* WorkSans-Regular.ttf */,
				1D4E46FE26B1ADDC00E305C2 /* WorkSans-Light.ttf */,
				1D4E46FF26B1ADDC00E305C2 /* WorkSans-ExtraBold.ttf */,
				1D4E470026B1ADDC00E305C2 /* WorkSans-SemiBoldItalic.ttf */,
				1D4E470126B1ADDC00E305C2 /* WorkSans-MediumItalic.ttf */,
				1D4E470226B1ADDC00E305C2 /* WorkSans-BoldItalic.ttf */,
				1D4E470326B1ADDC00E305C2 /* WorkSans-ExtraLight.ttf */,
				1D4E470426B1ADDC00E305C2 /* WorkSans-ThinItalic.ttf */,
				1D4E470526B1ADDC00E305C2 /* WorkSans-ExtraLightItalic.ttf */,
				1D4E470626B1ADDC00E305C2 /* WorkSans-Medium.ttf */,
				1D4E470726B1ADDC00E305C2 /* WorkSans-SemiBold.ttf */,
				1D4E470826B1ADDC00E305C2 /* WorkSans-Italic.ttf */,
				1D4E470926B1ADDC00E305C2 /* WorkSans-BlackItalic.ttf */,
				1D4E470A26B1ADDC00E305C2 /* WorkSans-Thin.ttf */,
				1D4E470B26B1ADDC00E305C2 /* WorkSans-Black.ttf */,
				1D4E470C26B1ADDC00E305C2 /* WorkSans-LightItalic.ttf */,
				1D4E470D26B1ADDC00E305C2 /* WorkSans-ExtraBoldItalic.ttf */,
				1D4E470E26B1ADDC00E305C2 /* WorkSans-Bold.ttf */,
			);
			path = static;
			sourceTree = "<group>";
		};
/* End PBXGroup section */

/* Begin PBXNativeTarget section */
		1D199DEA26AD694F004125C3 /* NothingCode */ = {
			isa = PBXNativeTarget;
			buildConfigurationList = 1D199DFA26AD6950004125C3 /* Build configuration list for PBXNativeTarget "NothingCode" */;
			buildPhases = (
				1D199DE726AD694F004125C3 /* Sources */,
				1D199DE826AD694F004125C3 /* Frameworks */,
				1D199DE926AD694F004125C3 /* Resources */,
			);
			buildRules = (
			);
			dependencies = (
			);
			name = NothingCode;
			productName = NothingCode;
			productReference = 1D199DEB26AD694F004125C3 /* NothingCode.app */;
			productType = "com.apple.product-type.application";
		};
/* End PBXNativeTarget section */

/* Begin PBXProject section */
		1D199DE326AD694F004125C3 /* Project object */ = {
			isa = PBXProject;
			attributes = {
				LastSwiftUpdateCheck = 1250;
				LastUpgradeCheck = 1250;
				TargetAttributes = {
					1D199DEA26AD694F004125C3 = {
						CreatedOnToolsVersion = 12.5.1;
					};
				};
			};
			buildConfigurationList = 1D199DE626AD694F004125C3 /* Build configuration list for PBXProject "NothingCode" */;
			compatibilityVersion = "Xcode 9.3";
			developmentRegion = en;
			hasScannedForEncodings = 0;
			knownRegions = (
				en,
				Base,
			);
			mainGroup = 1D199DE226AD694F004125C3;
			productRefGroup = 1D199DEC26AD694F004125C3 /* Products */;
			projectDirPath = "";
			projectRoot = "";
			targets = (
				1D199DEA26AD694F004125C3 /* NothingCode */,
			);
		};
/* End PBXProject section */

/* Begin PBXResourcesBuildPhase section */
		1D199DE926AD694F004125C3 /* Resources */ = {
			isa = PBXResourcesBuildPhase;
			buildActionMask = 2147483647;
			files = (
				1D4E472226B1ADDC00E305C2 /* WorkSans-LightItalic.ttf in Resources */,
				1D199DF626AD6950004125C3 /* Preview Assets.xcassets in Resources */,
				1D4E471826B1ADDC00E305C2 /* WorkSans-BoldItalic.ttf in Resources */,
				1D4E471A26B1ADDC00E305C2 /* WorkSans-ThinItalic.ttf in Resources */,
				1D4E471726B1ADDC00E305C2 /* WorkSans-MediumItalic.ttf in Resources */,
				1D4E471B26B1ADDC00E305C2 /* WorkSans-ExtraLightItalic.ttf in Resources */,
				1D199DF326AD6950004125C3 /* Assets.xcassets in Resources */,
				1D4E471626B1ADDC00E305C2 /* WorkSans-SemiBoldItalic.ttf in Resources */,
				1D4E472326B1ADDC00E305C2 /* WorkSans-ExtraBoldItalic.ttf in Resources */,
				1D4E471226B1ADDC00E305C2 /* WorkSans-VariableFont_wght.ttf in Resources */,
				1D4E472026B1ADDC00E305C2 /* WorkSans-Thin.ttf in Resources */,
				1D4E471926B1ADDC00E305C2 /* WorkSans-ExtraLight.ttf in Resources */,
				1D4E472626B1ADDC00E305C2 /* OFL.txt in Resources */,
				1D4E471D26B1ADDC00E305C2 /* WorkSans-SemiBold.ttf in Resources */,
				1D4E471326B1ADDC00E305C2 /* WorkSans-Regular.ttf in Resources */,
				1D4E472126B1ADDC00E305C2 /* WorkSans-Black.ttf in Resources */,
				1D4E471526B1ADDC00E305C2 /* WorkSans-ExtraBold.ttf in Resources */,
				1D4E471F26B1ADDC00E305C2 /* WorkSans-BlackItalic.ttf in Resources */,
				1D4E472526B1ADDC00E305C2 /* WorkSans-Italic-VariableFont_wght.ttf in Resources */,
				1D4E471C26B1ADDC00E305C2 /* WorkSans-Medium.ttf in Resources */,
				1D4E471E26B1ADDC00E305C2 /* WorkSans-Italic.ttf in Resources */,
				1D4E471426B1ADDC00E305C2 /* WorkSans-Light.ttf in Resources */,
				1D4E472726B1ADDC00E305C2 /* README.txt in Resources */,
				1D4E472426B1ADDC00E305C2 /* WorkSans-Bold.ttf in Resources */,
			);
			runOnlyForDeploymentPostprocessing = 0;
		};
/* End PBXResourcesBuildPhase section */

/* Begin PBXSourcesBuildPhase section */
		1D199DE726AD694F004125C3 /* Sources */ = {
			isa = PBXSourcesBuildPhase;
			buildActionMask = 2147483647;
			files = (
				1DC7054826B05DAD005F4AFF /* RingView.swift in Sources */,
				1D5ABF2626B30A8600836FB5 /* DataStore.swift in Sources */,
				1D5ABF2426B30A2600836FB5 /* PostList.swift in Sources */,
				1DA8196426B1A99400F9519E /* Modifiers.swift in Sources */,
				1D65F3D326AF1A3A00B97CBB /* TabBar.swift in Sources */,
				1D65F3CF26AF148A00B97CBB /* UpdateDetail.swift in Sources */,
				1D5D4D8926B1B89C008321AB /* CourseList.swift in Sources */,
				1D199DF126AD694F004125C3 /* ContentView.swift in Sources */,
				1DAD63CB26ADB290006665AC /* MenuView.swift in Sources */,
				1DC02B4126B441E80032F4A0 /* Buttons.swift in Sources */,
				1D5ABF2226B309F100836FB5 /* Data.swift in Sources */,
				1DAE1A0226AF0B6C00E358E0 /* UpdateList.swift in Sources */,
				1D65F3D126AF169A00B97CBB /* UpdateStore.swift in Sources */,
				1DAD63CD26ADBA80006665AC /* Home.swift in Sources */,
				1D5ABF2826B30D9A00836FB5 /* BlurView.swift in Sources */,
				1D5ABF2026B3059600836FB5 /* CourseDetail.swift in Sources */,
				1D24BD3C26B591C40012E917 /* LoginView.swift in Sources */,
				1DAD63CF26ADC4AC006665AC /* HomeView.swift in Sources */,
				1D199DEF26AD694F004125C3 /* NothingCodeApp.swift in Sources */,
			);
			runOnlyForDeploymentPostprocessing = 0;
		};
/* End PBXSourcesBuildPhase section */

/* Begin XCBuildConfiguration section */
		1D199DF826AD6950004125C3 /* Debug */ = {
			isa = XCBuildConfiguration;
			buildSettings = {
				ALWAYS_SEARCH_USER_PATHS = NO;
				CLANG_ANALYZER_NONNULL = YES;
				CLANG_ANALYZER_NUMBER_OBJECT_CONVERSION = YES_AGGRESSIVE;
				CLANG_CXX_LANGUAGE_STANDARD = "gnu++14";
				CLANG_CXX_LIBRARY = "libc++";
				CLANG_ENABLE_MODULES = YES;
				CLANG_ENABLE_OBJC_ARC = YES;
				CLANG_ENABLE_OBJC_WEAK = YES;
				CLANG_WARN_BLOCK_CAPTURE_AUTORELEASING = YES;
				CLANG_WARN_BOOL_CONVERSION = YES;
				CLANG_WARN_COMMA = YES;
				CLANG_WARN_CONSTANT_CONVERSION = YES;
				CLANG_WARN_DEPRECATED_OBJC_IMPLEMENTATIONS = YES;
				CLANG_WARN_DIRECT_OBJC_ISA_USAGE = YES_ERROR;
				CLANG_WARN_DOCUMENTATION_COMMENTS = YES;
				CLANG_WARN_EMPTY_BODY = YES;
				CLANG_WARN_ENUM_CONVERSION = YES;
				CLANG_WARN_INFINITE_RECURSION = YES;
				CLANG_WARN_INT_CONVERSION = YES;
				CLANG_WARN_NON_LITERAL_NULL_CONVERSION = YES;
				CLANG_WARN_OBJC_IMPLICIT_RETAIN_SELF = YES;
				CLANG_WARN_OBJC_LITERAL_CONVERSION = YES;
				CLANG_WARN_OBJC_ROOT_CLASS = YES_ERROR;
				CLANG_WARN_QUOTED_INCLUDE_IN_FRAMEWORK_HEADER = YES;
				CLANG_WARN_RANGE_LOOP_ANALYSIS = YES;
				CLANG_WARN_STRICT_PROTOTYPES = YES;
				CLANG_WARN_SUSPICIOUS_MOVE = YES;
				CLANG_WARN_UNGUARDED_AVAILABILITY = YES_AGGRESSIVE;
				CLANG_WARN_UNREACHABLE_CODE = YES;
				CLANG_WARN__DUPLICATE_METHOD_MATCH = YES;
				COPY_PHASE_STRIP = NO;
				DEBUG_INFORMATION_FORMAT = dwarf;
				ENABLE_STRICT_OBJC_MSGSEND = YES;
				ENABLE_TESTABILITY = YES;
				GCC_C_LANGUAGE_STANDARD = gnu11;
				GCC_DYNAMIC_NO_PIC = NO;
				GCC_NO_COMMON_BLOCKS = YES;
				GCC_OPTIMIZATION_LEVEL = 0;
				GCC_PREPROCESSOR_DEFINITIONS = (
					"DEBUG=1",
					"$(inherited)",
				);
				GCC_WARN_64_TO_32_BIT_CONVERSION = YES;
				GCC_WARN_ABOUT_RETURN_TYPE = YES_ERROR;
				GCC_WARN_UNDECLARED_SELECTOR = YES;
				GCC_WARN_UNINITIALIZED_AUTOS = YES_AGGRESSIVE;
				GCC_WARN_UNUSED_FUNCTION = YES;
				GCC_WARN_UNUSED_VARIABLE = YES;
				IPHONEOS_DEPLOYMENT_TARGET = 14.5;
				MTL_ENABLE_DEBUG_INFO = INCLUDE_SOURCE;
				MTL_FAST_MATH = YES;
				ONLY_ACTIVE_ARCH = YES;
				SDKROOT = iphoneos;
				SWIFT_ACTIVE_COMPILATION_CONDITIONS = DEBUG;
				SWIFT_OPTIMIZATION_LEVEL = "-Onone";
			};
			name = Debug;
		};
		1D199DF926AD6950004125C3 /* Release */ = {
			isa = XCBuildConfiguration;
			buildSettings = {
				ALWAYS_SEARCH_USER_PATHS = NO;
				CLANG_ANALYZER_NONNULL = YES;
				CLANG_ANALYZER_NUMBER_OBJECT_CONVERSION = YES_AGGRESSIVE;
				CLANG_CXX_LANGUAGE_STANDARD = "gnu++14";
				CLANG_CXX_LIBRARY = "libc++";
				CLANG_ENABLE_MODULES = YES;
				CLANG_ENABLE_OBJC_ARC = YES;
				CLANG_ENABLE_OBJC_WEAK = YES;
				CLANG_WARN_BLOCK_CAPTURE_AUTORELEASING = YES;
				CLANG_WARN_BOOL_CONVERSION = YES;
				CLANG_WARN_COMMA = YES;
				CLANG_WARN_CONSTANT_CONVERSION = YES;
				CLANG_WARN_DEPRECATED_OBJC_IMPLEMENTATIONS = YES;
				CLANG_WARN_DIRECT_OBJC_ISA_USAGE = YES_ERROR;
				CLANG_WARN_DOCUMENTATION_COMMENTS = YES;
				CLANG_WARN_EMPTY_BODY = YES;
				CLANG_WARN_ENUM_CONVERSION = YES;
				CLANG_WARN_INFINITE_RECURSION = YES;
				CLANG_WARN_INT_CONVERSION = YES;
				CLANG_WARN_NON_LITERAL_NULL_CONVERSION = YES;
				CLANG_WARN_OBJC_IMPLICIT_RETAIN_SELF = YES;
				CLANG_WARN_OBJC_LITERAL_CONVERSION = YES;
				CLANG_WARN_OBJC_ROOT_CLASS = YES_ERROR;
				CLANG_WARN_QUOTED_INCLUDE_IN_FRAMEWORK_HEADER = YES;
				CLANG_WARN_RANGE_LOOP_ANALYSIS = YES;
				CLANG_WARN_STRICT_PROTOTYPES = YES;
				CLANG_WARN_SUSPICIOUS_MOVE = YES;
				CLANG_WARN_UNGUARDED_AVAILABILITY = YES_AGGRESSIVE;
				CLANG_WARN_UNREACHABLE_CODE = YES;
				CLANG_WARN__DUPLICATE_METHOD_MATCH = YES;
				COPY_PHASE_STRIP = NO;
				DEBUG_INFORMATION_FORMAT = "dwarf-with-dsym";
				ENABLE_NS_ASSERTIONS = NO;
				ENABLE_STRICT_OBJC_MSGSEND = YES;
				GCC_C_LANGUAGE_STANDARD = gnu11;
				GCC_NO_COMMON_BLOCKS = YES;
				GCC_WARN_64_TO_32_BIT_CONVERSION = YES;
				GCC_WARN_ABOUT_RETURN_TYPE = YES_ERROR;
				GCC_WARN_UNDECLARED_SELECTOR = YES;
				GCC_WARN_UNINITIALIZED_AUTOS = YES_AGGRESSIVE;
				GCC_WARN_UNUSED_FUNCTION = YES;
				GCC_WARN_UNUSED_VARIABLE = YES;
				IPHONEOS_DEPLOYMENT_TARGET = 14.5;
				MTL_ENABLE_DEBUG_INFO = NO;
				MTL_FAST_MATH = YES;
				SDKROOT = iphoneos;
				SWIFT_COMPILATION_MODE = wholemodule;
				SWIFT_OPTIMIZATION_LEVEL = "-O";
				VALIDATE_PRODUCT = YES;
			};
			name = Release;
		};
		1D199DFB26AD6950004125C3 /* Debug */ = {
			isa = XCBuildConfiguration;
			buildSettings = {
				ASSETCATALOG_COMPILER_APPICON_NAME = AppIcon;
				ASSETCATALOG_COMPILER_GLOBAL_ACCENT_COLOR_NAME = AccentColor;
				CODE_SIGN_STYLE = Automatic;
				DEVELOPMENT_ASSET_PATHS = "\"NothingCode/Preview Content\"";
				DEVELOPMENT_TEAM = KM765898A5;
				ENABLE_PREVIEWS = YES;
				INFOPLIST_FILE = NothingCode/Info.plist;
				IPHONEOS_DEPLOYMENT_TARGET = 14.0;
				LD_RUNPATH_SEARCH_PATHS = (
					"$(inherited)",
					"@executable_path/Frameworks",
				);
				PRODUCT_BUNDLE_IDENTIFIER = io.nothingcode.NothingCode;
				PRODUCT_NAME = "$(TARGET_NAME)";
				SWIFT_VERSION = 5.0;
				TARGETED_DEVICE_FAMILY = "1,2";
			};
			name = Debug;
		};
		1D199DFC26AD6950004125C3 /* Release */ = {
			isa = XCBuildConfiguration;
			buildSettings = {
				ASSETCATALOG_COMPILER_APPICON_NAME = AppIcon;
				ASSETCATALOG_COMPILER_GLOBAL_ACCENT_COLOR_NAME = AccentColor;
				CODE_SIGN_STYLE = Automatic;
				DEVELOPMENT_ASSET_PATHS = "\"NothingCode/Preview Content\"";
				DEVELOPMENT_TEAM = KM765898A5;
				ENABLE_PREVIEWS = YES;
				INFOPLIST_FILE = NothingCode/Info.plist;
				IPHONEOS_DEPLOYMENT_TARGET = 14.0;
				LD_RUNPATH_SEARCH_PATHS = (
					"$(inherited)",
					"@executable_path/Frameworks",
				);
				PRODUCT_BUNDLE_IDENTIFIER = io.nothingcode.NothingCode;
				PRODUCT_NAME = "$(TARGET_NAME)";
				SWIFT_VERSION = 5.0;
				TARGETED_DEVICE_FAMILY = "1,2";
			};
			name = Release;
		};
/* End XCBuildConfiguration section */

/* Begin XCConfigurationList section */
		1D199DE626AD694F004125C3 /* Build configuration list for PBXProject "NothingCode" */ = {
			isa = XCConfigurationList;
			buildConfigurations = (
				1D199DF826AD6950004125C3 /* Debug */,
				1D199DF926AD6950004125C3 /* Release */,
			);
			defaultConfigurationIsVisible = 0;
			defaultConfigurationName = Release;
		};
		1D199DFA26AD6950004125C3 /* Build configuration list for PBXNativeTarget "NothingCode" */ = {
			isa = XCConfigurationList;
			buildConfigurations = (
				1D199DFB26AD6950004125C3 /* Debug */,
				1D199DFC26AD6950004125C3 /* Release */,
			);
			defaultConfigurationIsVisible = 0;
			defaultConfigurationName = Release;
		};
/* End XCConfigurationList section */
	};
	rootObject = 1D199DE326AD694F004125C3 /* Project object */;
}
